
Microsoft Visual Studio Solution File, Format Version 12.00
# Visual Studio Version 17
VisualStudioVersion = 17.5.002.0
MinimumVisualStudioVersion = 10.0.40219.1
Project("{2150E333-8FDC-42A3-9474-1A3956D46DE8}") = "csharp-prep", "csharp-prep", "{A96EA263-CE61-43F0-BA3D-1D1300CB3B7F}"
EndProject
Project("{9A19103F-16F7-4668-BE54-9A1E7A4F7556}") = "Prep1", "csharp-prep\Prep1\Prep1.csproj", "{FE0EB7A8-2812-41F1-BC71-E38A5FD1C6AF}"
EndProject
Project("{9A19103F-16F7-4668-BE54-9A1E7A4F7556}") = "Prep2", "csharp-prep\Prep2\Prep2.csproj", "{D82B0546-9285-405B-B816-4C690384890F}"
EndProject
Project("{9A19103F-16F7-4668-BE54-9A1E7A4F7556}") = "Prep3", "csharp-prep\Prep3\Prep3.csproj", "{D71AA62A-A25B-4F06-98FD-A58E5D738BFB}"
EndProject
Project("{9A19103F-16F7-4668-BE54-9A1E7A4F7556}") = "Prep4", "csharp-prep\Prep4\Prep4.csproj", "{343CB28E-9F0E-4DC2-A29E-0CB514D67348}"
EndProject
Project("{9A19103F-16F7-4668-BE54-9A1E7A4F7556}") = "Prep5", "csharp-prep\Prep5\Prep5.csproj", "{97946904-9E29-4D18-B18D-D488618B54EA}"
EndProject
Project("{2150E333-8FDC-42A3-9474-1A3956D46DE8}") = "final", "final", "{A3B09FB3-5D17-49C3-BFC7-351FC14016AB}"
EndProject
Project("{9A19103F-16F7-4668-BE54-9A1E7A4F7556}") = "FinalProject", "final\FinalProject\FinalProject.csproj", "{3D61B8B4-64C4-43AE-A801-6DE74E22970B}"
EndProject
Project("{9A19103F-16F7-4668-BE54-9A1E7A4F7556}") = "Foundation1", "final\Foundation1\Foundation1.csproj", "{C67BA7BC-2224-4AE7-8B38-B2614406AACD}"
EndProject
Project("{9A19103F-16F7-4668-BE54-9A1E7A4F7556}") = "Foundation2", "final\Foundation2\Foundation2.csproj", "{C901FDE6-9C83-4C06-8CEF-03434CC2C614}"
EndProject
Project("{9A19103F-16F7-4668-BE54-9A1E7A4F7556}") = "Foundation3", "final\Foundation3\Foundation3.csproj", "{14F52DEC-8A09-427E-91B4-8DBFE984F534}"
EndProject
Project("{9A19103F-16F7-4668-BE54-9A1E7A4F7556}") = "Foundation4", "final\Foundation4\Foundation4.csproj", "{17A4A15A-B8F1-4126-9F7C-DD24E67988F8}"
EndProject
Project("{2150E333-8FDC-42A3-9474-1A3956D46DE8}") = "prepare", "prepare", "{2A7B37B9-6878-4254-8996-7BCDB68274C9}"
EndProject
Project("{9A19103F-16F7-4668-BE54-9A1E7A4F7556}") = "Learning02", "prepare\Learning02\Learning02.csproj", "{D93032F9-B12B-4FE5-B40B-E482BD78DE5F}"
EndProject
Project("{9A19103F-16F7-4668-BE54-9A1E7A4F7556}") = "Learning03", "prepare\Learning03\Learning03.csproj", "{160D7DA3-85B5-4A7F-81C4-FFF64B2EA06A}"
EndProject
Project("{9A19103F-16F7-4668-BE54-9A1E7A4F7556}") = "Learning04", "prepare\Learning04\Learning04.csproj", "{985474DF-A483-4D1A-9E8E-44E56552DE25}"
EndProject
Project("{9A19103F-16F7-4668-BE54-9A1E7A4F7556}") = "Learning05", "prepare\Learning05\Learning05.csproj", "{6B0EB83E-978B-47E2-BBD0-15323C28CCBD}"
EndProject
Project("{2150E333-8FDC-42A3-9474-1A3956D46DE8}") = "prove", "prove", "{B112560B-500C-4718-8469-22248DB853C6}"
EndProject
Project("{9A19103F-16F7-4668-BE54-9A1E7A4F7556}") = "Develop02", "prove\Develop02\Develop02.csproj", "{26415DA1-97B2-4C7C-B35B-7244E1F32AB9}"
EndProject
Project("{9A19103F-16F7-4668-BE54-9A1E7A4F7556}") = "Develop03", "prove\Develop03\Develop03.csproj", "{90EAE215-381F-4D81-B113-E81A78D73343}"
EndProject
Project("{9A19103F-16F7-4668-BE54-9A1E7A4F7556}") = "Develop04", "prove\Develop04\Develop04.csproj", "{77EDABF7-9B4D-44FE-855A-3A5CA0C89596}"
EndProject
Project("{9A19103F-16F7-4668-BE54-9A1E7A4F7556}") = "Develop05", "prove\Develop05\Develop05.csproj", "{F2E0AF0B-140B-4D9A-BA1E-39B9BE9A614B}"
EndProject
Project("{2150E333-8FDC-42A3-9474-1A3956D46DE8}") = "sandbox", "sandbox", "{A8752584-7C3C-46C3-BA57-8E0677FADE86}"
EndProject
Project("{9A19103F-16F7-4668-BE54-9A1E7A4F7556}") = "Sandbox", "sandbox\Sandbox\Sandbox.csproj", "{F1DCDF8B-326F-4CB5-ACE6-E54ECC49E823}"
EndProject
Global
	GlobalSection(SolutionConfigurationPlatforms) = preSolution
		Debug|Any CPU = Debug|Any CPU
		Release|Any CPU = Release|Any CPU
	EndGlobalSection
	GlobalSection(ProjectConfigurationPlatforms) = postSolution
		{FE0EB7A8-2812-41F1-BC71-E38A5FD1C6AF}.Debug|Any CPU.ActiveCfg = Debug|Any CPU
		{FE0EB7A8-2812-41F1-BC71-E38A5FD1C6AF}.Debug|Any CPU.Build.0 = Debug|Any CPU
		{FE0EB7A8-2812-41F1-BC71-E38A5FD1C6AF}.Release|Any CPU.ActiveCfg = Release|Any CPU
		{FE0EB7A8-2812-41F1-BC71-E38A5FD1C6AF}.Release|Any CPU.Build.0 = Release|Any CPU
		{D82B0546-9285-405B-B816-4C690384890F}.Debug|Any CPU.ActiveCfg = Debug|Any CPU
		{D82B0546-9285-405B-B816-4C690384890F}.Debug|Any CPU.Build.0 = Debug|Any CPU
		{D82B0546-9285-405B-B816-4C690384890F}.Release|Any CPU.ActiveCfg = Release|Any CPU
		{D82B0546-9285-405B-B816-4C690384890F}.Release|Any CPU.Build.0 = Release|Any CPU
		{D71AA62A-A25B-4F06-98FD-A58E5D738BFB}.Debug|Any CPU.ActiveCfg = Debug|Any CPU
		{D71AA62A-A25B-4F06-98FD-A58E5D738BFB}.Debug|Any CPU.Build.0 = Debug|Any CPU
		{D71AA62A-A25B-4F06-98FD-A58E5D738BFB}.Release|Any CPU.ActiveCfg = Release|Any CPU
		{D71AA62A-A25B-4F06-98FD-A58E5D738BFB}.Release|Any CPU.Build.0 = Release|Any CPU
		{343CB28E-9F0E-4DC2-A29E-0CB514D67348}.Debug|Any CPU.ActiveCfg = Debug|Any CPU
		{343CB28E-9F0E-4DC2-A29E-0CB514D67348}.Debug|Any CPU.Build.0 = Debug|Any CPU
		{343CB28E-9F0E-4DC2-A29E-0CB514D67348}.Release|Any CPU.ActiveCfg = Release|Any CPU
		{343CB28E-9F0E-4DC2-A29E-0CB514D67348}.Release|Any CPU.Build.0 = Release|Any CPU
		{97946904-9E29-4D18-B18D-D488618B54EA}.Debug|Any CPU.ActiveCfg = Debug|Any CPU
		{97946904-9E29-4D18-B18D-D488618B54EA}.Debug|Any CPU.Build.0 = Debug|Any CPU
		{97946904-9E29-4D18-B18D-D488618B54EA}.Release|Any CPU.ActiveCfg = Release|Any CPU
		{97946904-9E29-4D18-B18D-D488618B54EA}.Release|Any CPU.Build.0 = Release|Any CPU
		{3D61B8B4-64C4-43AE-A801-6DE74E22970B}.Debug|Any CPU.ActiveCfg = Debug|Any CPU
		{3D61B8B4-64C4-43AE-A801-6DE74E22970B}.Debug|Any CPU.Build.0 = Debug|Any CPU
		{3D61B8B4-64C4-43AE-A801-6DE74E22970B}.Release|Any CPU.ActiveCfg = Release|Any CPU
		{3D61B8B4-64C4-43AE-A801-6DE74E22970B}.Release|Any CPU.Build.0 = Release|Any CPU
		{C67BA7BC-2224-4AE7-8B38-B2614406AACD}.Debug|Any CPU.ActiveCfg = Debug|Any CPU
		{C67BA7BC-2224-4AE7-8B38-B2614406AACD}.Debug|Any CPU.Build.0 = Debug|Any CPU
		{C67BA7BC-2224-4AE7-8B38-B2614406AACD}.Release|Any CPU.ActiveCfg = Release|Any CPU
		{C67BA7BC-2224-4AE7-8B38-B2614406AACD}.Release|Any CPU.Build.0 = Release|Any CPU
		{C901FDE6-9C83-4C06-8CEF-03434CC2C614}.Debug|Any CPU.ActiveCfg = Debug|Any CPU
		{C901FDE6-9C83-4C06-8CEF-03434CC2C614}.Debug|Any CPU.Build.0 = Debug|Any CPU
		{C901FDE6-9C83-4C06-8CEF-03434CC2C614}.Release|Any CPU.ActiveCfg = Release|Any CPU
		{C901FDE6-9C83-4C06-8CEF-03434CC2C614}.Release|Any CPU.Build.0 = Release|Any CPU
		{14F52DEC-8A09-427E-91B4-8DBFE984F534}.Debug|Any CPU.ActiveCfg = Debug|Any CPU
		{14F52DEC-8A09-427E-91B4-8DBFE984F534}.Debug|Any CPU.Build.0 = Debug|Any CPU
		{14F52DEC-8A09-427E-91B4-8DBFE984F534}.Release|Any CPU.ActiveCfg = Release|Any CPU
		{14F52DEC-8A09-427E-91B4-8DBFE984F534}.Release|Any CPU.Build.0 = Release|Any CPU
		{17A4A15A-B8F1-4126-9F7C-DD24E67988F8}.Debug|Any CPU.ActiveCfg = Debug|Any CPU
		{17A4A15A-B8F1-4126-9F7C-DD24E67988F8}.Debug|Any CPU.Build.0 = Debug|Any CPU
		{17A4A15A-B8F1-4126-9F7C-DD24E67988F8}.Release|Any CPU.ActiveCfg = Release|Any CPU
		{17A4A15A-B8F1-4126-9F7C-DD24E67988F8}.Release|Any CPU.Build.0 = Release|Any CPU
		{D93032F9-B12B-4FE5-B40B-E482BD78DE5F}.Debug|Any CPU.ActiveCfg = Debug|Any CPU
		{D93032F9-B12B-4FE5-B40B-E482BD78DE5F}.Debug|Any CPU.Build.0 = Debug|Any CPU
		{D93032F9-B12B-4FE5-B40B-E482BD78DE5F}.Release|Any CPU.ActiveCfg = Release|Any CPU
		{D93032F9-B12B-4FE5-B40B-E482BD78DE5F}.Release|Any CPU.Build.0 = Release|Any CPU
		{160D7DA3-85B5-4A7F-81C4-FFF64B2EA06A}.Debug|Any CPU.ActiveCfg = Debug|Any CPU
		{160D7DA3-85B5-4A7F-81C4-FFF64B2EA06A}.Debug|Any CPU.Build.0 = Debug|Any CPU
		{160D7DA3-85B5-4A7F-81C4-FFF64B2EA06A}.Release|Any CPU.ActiveCfg = Release|Any CPU
		{160D7DA3-85B5-4A7F-81C4-FFF64B2EA06A}.Release|Any CPU.Build.0 = Release|Any CPU
		{985474DF-A483-4D1A-9E8E-44E56552DE25}.Debug|Any CPU.ActiveCfg = Debug|Any CPU
		{985474DF-A483-4D1A-9E8E-44E56552DE25}.Debug|Any CPU.Build.0 = Debug|Any CPU
		{985474DF-A483-4D1A-9E8E-44E56552DE25}.Release|Any CPU.ActiveCfg = Release|Any CPU
		{985474DF-A483-4D1A-9E8E-44E56552DE25}.Release|Any CPU.Build.0 = Release|Any CPU
		{6B0EB83E-978B-47E2-BBD0-15323C28CCBD}.Debug|Any CPU.ActiveCfg = Debug|Any CPU
		{6B0EB83E-978B-47E2-BBD0-15323C28CCBD}.Debug|Any CPU.Build.0 = Debug|Any CPU
		{6B0EB83E-978B-47E2-BBD0-15323C28CCBD}.Release|Any CPU.ActiveCfg = Release|Any CPU
		{6B0EB83E-978B-47E2-BBD0-15323C28CCBD}.Release|Any CPU.Build.0 = Release|Any CPU
		{26415DA1-97B2-4C7C-B35B-7244E1F32AB9}.Debug|Any CPU.ActiveCfg = Debug|Any CPU
		{26415DA1-97B2-4C7C-B35B-7244E1F32AB9}.Debug|Any CPU.Build.0 = Debug|Any CPU
		{26415DA1-97B2-4C7C-B35B-7244E1F32AB9}.Release|Any CPU.ActiveCfg = Release|Any CPU
		{26415DA1-97B2-4C7C-B35B-7244E1F32AB9}.Release|Any CPU.Build.0 = Release|Any CPU
		{90EAE215-381F-4D81-B113-E81A78D73343}.Debug|Any CPU.ActiveCfg = Debug|Any CPU
		{90EAE215-381F-4D81-B113-E81A78D73343}.Debug|Any CPU.Build.0 = Debug|Any CPU
		{90EAE215-381F-4D81-B113-E81A78D73343}.Release|Any CPU.ActiveCfg = Release|Any CPU
		{90EAE215-381F-4D81-B113-E81A78D73343}.Release|Any CPU.Build.0 = Release|Any CPU
		{77EDABF7-9B4D-44FE-855A-3A5CA0C89596}.Debug|Any CPU.ActiveCfg = Debug|Any CPU
		{77EDABF7-9B4D-44FE-855A-3A5CA0C89596}.Debug|Any CPU.Build.0 = Debug|Any CPU
		{77EDABF7-9B4D-44FE-855A-3A5CA0C89596}.Release|Any CPU.ActiveCfg = Release|Any CPU
		{77EDABF7-9B4D-44FE-855A-3A5CA0C89596}.Release|Any CPU.Build.0 = Release|Any CPU
		{F2E0AF0B-140B-4D9A-BA1E-39B9BE9A614B}.Debug|Any CPU.ActiveCfg = Debug|Any CPU
		{F2E0AF0B-140B-4D9A-BA1E-39B9BE9A614B}.Debug|Any CPU.Build.0 = Debug|Any CPU
		{F2E0AF0B-140B-4D9A-BA1E-39B9BE9A614B}.Release|Any CPU.ActiveCfg = Release|Any CPU
		{F2E0AF0B-140B-4D9A-BA1E-39B9BE9A614B}.Release|Any CPU.Build.0 = Release|Any CPU
		{F1DCDF8B-326F-4CB5-ACE6-E54ECC49E823}.Debug|Any CPU.ActiveCfg = Debug|Any CPU
		{F1DCDF8B-326F-4CB5-ACE6-E54ECC49E823}.Debug|Any CPU.Build.0 = Debug|Any CPU
		{F1DCDF8B-326F-4CB5-ACE6-E54ECC49E823}.Release|Any CPU.ActiveCfg = Release|Any CPU
		{F1DCDF8B-326F-4CB5-ACE6-E54ECC49E823}.Release|Any CPU.Build.0 = Release|Any CPU
	EndGlobalSection
	GlobalSection(SolutionProperties) = preSolution
		HideSolutionNode = FALSE
	EndGlobalSection
	GlobalSection(NestedProjects) = preSolution
		{FE0EB7A8-2812-41F1-BC71-E38A5FD1C6AF} = {A96EA263-CE61-43F0-BA3D-1D1300CB3B7F}
		{D82B0546-9285-405B-B816-4C690384890F} = {A96EA263-CE61-43F0-BA3D-1D1300CB3B7F}
		{D71AA62A-A25B-4F06-98FD-A58E5D738BFB} = {A96EA263-CE61-43F0-BA3D-1D1300CB3B7F}
		{343CB28E-9F0E-4DC2-A29E-0CB514D67348} = {A96EA263-CE61-43F0-BA3D-1D1300CB3B7F}
		{97946904-9E29-4D18-B18D-D488618B54EA} = {A96EA263-CE61-43F0-BA3D-1D1300CB3B7F}
		{3D61B8B4-64C4-43AE-A801-6DE74E22970B} = {A3B09FB3-5D17-49C3-BFC7-351FC14016AB}
		{C67BA7BC-2224-4AE7-8B38-B2614406AACD} = {A3B09FB3-5D17-49C3-BFC7-351FC14016AB}
		{C901FDE6-9C83-4C06-8CEF-03434CC2C614} = {A3B09FB3-5D17-49C3-BFC7-351FC14016AB}
		{14F52DEC-8A09-427E-91B4-8DBFE984F534} = {A3B09FB3-5D17-49C3-BFC7-351FC14016AB}
		{17A4A15A-B8F1-4126-9F7C-DD24E67988F8} = {A3B09FB3-5D17-49C3-BFC7-351FC14016AB}
		{D93032F9-B12B-4FE5-B40B-E482BD78DE5F} = {2A7B37B9-6878-4254-8996-7BCDB68274C9}
		{160D7DA3-85B5-4A7F-81C4-FFF64B2EA06A} = {2A7B37B9-6878-4254-8996-7BCDB68274C9}
		{985474DF-A483-4D1A-9E8E-44E56552DE25} = {2A7B37B9-6878-4254-8996-7BCDB68274C9}
		{6B0EB83E-978B-47E2-BBD0-15323C28CCBD} = {2A7B37B9-6878-4254-8996-7BCDB68274C9}
		{26415DA1-97B2-4C7C-B35B-7244E1F32AB9} = {B112560B-500C-4718-8469-22248DB853C6}
		{90EAE215-381F-4D81-B113-E81A78D73343} = {B112560B-500C-4718-8469-22248DB853C6}
		{77EDABF7-9B4D-44FE-855A-3A5CA0C89596} = {B112560B-500C-4718-8469-22248DB853C6}
		{F2E0AF0B-140B-4D9A-BA1E-39B9BE9A614B} = {B112560B-500C-4718-8469-22248DB853C6}
		{F1DCDF8B-326F-4CB5-ACE6-E54ECC49E823} = {A8752584-7C3C-46C3-BA57-8E0677FADE86}
	EndGlobalSection
	GlobalSection(ExtensibilityGlobals) = postSolution
		SolutionGuid = {A336C66C-8477-4758-B4E6-27FEFA1BC760}
	EndGlobalSection
EndGlobal
